// !$*UTF8*$!
{
	archiveVersion = 1;
	classes = {
	};
	objectVersion = 55;
	objects = {

/* Begin PBXBuildFile section */
		8C077E8B2A346B6000731E28 /* AppDelegate.swift in Sources */ = {isa = PBXBuildFile; fileRef = 8C077E8A2A346B6000731E28 /* AppDelegate.swift */; };
		8C077E8D2A346B6000731E28 /* SceneDelegate.swift in Sources */ = {isa = PBXBuildFile; fileRef = 8C077E8C2A346B6000731E28 /* SceneDelegate.swift */; };
		8C077E922A346B6000731E28 /* Main.storyboard in Resources */ = {isa = PBXBuildFile; fileRef = 8C077E902A346B6000731E28 /* Main.storyboard */; };
		8C077E942A346B6500731E28 /* Assets.xcassets in Resources */ = {isa = PBXBuildFile; fileRef = 8C077E932A346B6500731E28 /* Assets.xcassets */; };
		8C077E972A346B6500731E28 /* LaunchScreen.storyboard in Resources */ = {isa = PBXBuildFile; fileRef = 8C077E952A346B6500731E28 /* LaunchScreen.storyboard */; };
		8C077EA22A346B6600731E28 /* NewsMagazineTests.swift in Sources */ = {isa = PBXBuildFile; fileRef = 8C077EA12A346B6600731E28 /* NewsMagazineTests.swift */; };
		8C077EAC2A346B6600731E28 /* NewsMagazineUITests.swift in Sources */ = {isa = PBXBuildFile; fileRef = 8C077EAB2A346B6600731E28 /* NewsMagazineUITests.swift */; };
		8C077EAE2A346B6600731E28 /* NewsMagazineUITestsLaunchTests.swift in Sources */ = {isa = PBXBuildFile; fileRef = 8C077EAD2A346B6600731E28 /* NewsMagazineUITestsLaunchTests.swift */; };
		8C077EBF2A346C1100731E28 /* News.swift in Sources */ = {isa = PBXBuildFile; fileRef = 8C077EBE2A346C1100731E28 /* News.swift */; };
		8C077EC12A346DB500731E28 /* ModuleBuilder.swift in Sources */ = {isa = PBXBuildFile; fileRef = 8C077EC02A346DB500731E28 /* ModuleBuilder.swift */; };
		8C077EC42A346E7A00731E28 /* NetworkService.swift in Sources */ = {isa = PBXBuildFile; fileRef = 8C077EC32A346E7A00731E28 /* NetworkService.swift */; };
		8C077EC62A3470E500731E28 /* MainPresenter.swift in Sources */ = {isa = PBXBuildFile; fileRef = 8C077EC52A3470E500731E28 /* MainPresenter.swift */; };
		8C077EC92A34743500731E28 /* MainViewController.swift in Sources */ = {isa = PBXBuildFile; fileRef = 8C077EC72A34743500731E28 /* MainViewController.swift */; };
		8C616F7B2A35954C00DA3266 /* CustomTableViewCell.swift in Sources */ = {isa = PBXBuildFile; fileRef = 8C616F7A2A35954C00DA3266 /* CustomTableViewCell.swift */; };
		8C89D8DA2A36E155008CB425 /* DetailViewController.swift in Sources */ = {isa = PBXBuildFile; fileRef = 8C89D8D92A36E155008CB425 /* DetailViewController.swift */; };
		8C89D8DC2A36E173008CB425 /* DetailPresenter.swift in Sources */ = {isa = PBXBuildFile; fileRef = 8C89D8DB2A36E173008CB425 /* DetailPresenter.swift */; };
		8CCED3AE2A3C5FFA007BD0E1 /* User.swift in Sources */ = {isa = PBXBuildFile; fileRef = 8CCED3AD2A3C5FFA007BD0E1 /* User.swift */; };
		8CCED3B12A3C639A007BD0E1 /* Dynamic.swift in Sources */ = {isa = PBXBuildFile; fileRef = 8CCED3B02A3C639A007BD0E1 /* Dynamic.swift */; };
		8CCED3B32A3C65BC007BD0E1 /* ViewModule.swift in Sources */ = {isa = PBXBuildFile; fileRef = 8CCED3B22A3C65BC007BD0E1 /* ViewModule.swift */; };
		8CCED3B62A3C667C007BD0E1 /* AuthViewController.swift in Sources */ = {isa = PBXBuildFile; fileRef = 8CCED3B52A3C667B007BD0E1 /* AuthViewController.swift */; };
/* End PBXBuildFile section */

/* Begin PBXContainerItemProxy section */
		8C077E9E2A346B6600731E28 /* PBXContainerItemProxy */ = {
			isa = PBXContainerItemProxy;
			containerPortal = 8C077E7F2A346B6000731E28 /* Project object */;
			proxyType = 1;
			remoteGlobalIDString = 8C077E862A346B6000731E28;
			remoteInfo = NewsMagazine;
		};
		8C077EA82A346B6600731E28 /* PBXContainerItemProxy */ = {
			isa = PBXContainerItemProxy;
			containerPortal = 8C077E7F2A346B6000731E28 /* Project object */;
			proxyType = 1;
			remoteGlobalIDString = 8C077E862A346B6000731E28;
			remoteInfo = NewsMagazine;
		};
/* End PBXContainerItemProxy section */

/* Begin PBXFileReference section */
		8C077E872A346B6000731E28 /* NewsMagazine.app */ = {isa = PBXFileReference; explicitFileType = wrapper.application; includeInIndex = 0; path = NewsMagazine.app; sourceTree = BUILT_PRODUCTS_DIR; };
		8C077E8A2A346B6000731E28 /* AppDelegate.swift */ = {isa = PBXFileReference; lastKnownFileType = sourcecode.swift; path = AppDelegate.swift; sourceTree = "<group>"; };
		8C077E8C2A346B6000731E28 /* SceneDelegate.swift */ = {isa = PBXFileReference; lastKnownFileType = sourcecode.swift; path = SceneDelegate.swift; sourceTree = "<group>"; };
		8C077E912A346B6000731E28 /* Base */ = {isa = PBXFileReference; lastKnownFileType = file.storyboard; name = Base; path = Base.lproj/Main.storyboard; sourceTree = "<group>"; };
		8C077E932A346B6500731E28 /* Assets.xcassets */ = {isa = PBXFileReference; lastKnownFileType = folder.assetcatalog; path = Assets.xcassets; sourceTree = "<group>"; };
		8C077E962A346B6500731E28 /* Base */ = {isa = PBXFileReference; lastKnownFileType = file.storyboard; name = Base; path = Base.lproj/LaunchScreen.storyboard; sourceTree = "<group>"; };
		8C077E982A346B6500731E28 /* Info.plist */ = {isa = PBXFileReference; lastKnownFileType = text.plist.xml; path = Info.plist; sourceTree = "<group>"; };
		8C077E9D2A346B6600731E28 /* NewsMagazineTests.xctest */ = {isa = PBXFileReference; explicitFileType = wrapper.cfbundle; includeInIndex = 0; path = NewsMagazineTests.xctest; sourceTree = BUILT_PRODUCTS_DIR; };
		8C077EA12A346B6600731E28 /* NewsMagazineTests.swift */ = {isa = PBXFileReference; lastKnownFileType = sourcecode.swift; path = NewsMagazineTests.swift; sourceTree = "<group>"; };
		8C077EA72A346B6600731E28 /* NewsMagazineUITests.xctest */ = {isa = PBXFileReference; explicitFileType = wrapper.cfbundle; includeInIndex = 0; path = NewsMagazineUITests.xctest; sourceTree = BUILT_PRODUCTS_DIR; };
		8C077EAB2A346B6600731E28 /* NewsMagazineUITests.swift */ = {isa = PBXFileReference; lastKnownFileType = sourcecode.swift; path = NewsMagazineUITests.swift; sourceTree = "<group>"; };
		8C077EAD2A346B6600731E28 /* NewsMagazineUITestsLaunchTests.swift */ = {isa = PBXFileReference; lastKnownFileType = sourcecode.swift; path = NewsMagazineUITestsLaunchTests.swift; sourceTree = "<group>"; };
		8C077EBE2A346C1100731E28 /* News.swift */ = {isa = PBXFileReference; lastKnownFileType = sourcecode.swift; path = News.swift; sourceTree = "<group>"; };
		8C077EC02A346DB500731E28 /* ModuleBuilder.swift */ = {isa = PBXFileReference; lastKnownFileType = sourcecode.swift; path = ModuleBuilder.swift; sourceTree = "<group>"; };
		8C077EC32A346E7A00731E28 /* NetworkService.swift */ = {isa = PBXFileReference; lastKnownFileType = sourcecode.swift; path = NetworkService.swift; sourceTree = "<group>"; };
		8C077EC52A3470E500731E28 /* MainPresenter.swift */ = {isa = PBXFileReference; lastKnownFileType = sourcecode.swift; path = MainPresenter.swift; sourceTree = "<group>"; };
		8C077EC72A34743500731E28 /* MainViewController.swift */ = {isa = PBXFileReference; lastKnownFileType = sourcecode.swift; path = MainViewController.swift; sourceTree = "<group>"; };
		8C616F7A2A35954C00DA3266 /* CustomTableViewCell.swift */ = {isa = PBXFileReference; lastKnownFileType = sourcecode.swift; path = CustomTableViewCell.swift; sourceTree = "<group>"; };
		8C89D8D92A36E155008CB425 /* DetailViewController.swift */ = {isa = PBXFileReference; lastKnownFileType = sourcecode.swift; path = DetailViewController.swift; sourceTree = "<group>"; };
		8C89D8DB2A36E173008CB425 /* DetailPresenter.swift */ = {isa = PBXFileReference; lastKnownFileType = sourcecode.swift; path = DetailPresenter.swift; sourceTree = "<group>"; };
		8CCED3AD2A3C5FFA007BD0E1 /* User.swift */ = {isa = PBXFileReference; lastKnownFileType = sourcecode.swift; path = User.swift; sourceTree = "<group>"; };
		8CCED3B02A3C639A007BD0E1 /* Dynamic.swift */ = {isa = PBXFileReference; lastKnownFileType = sourcecode.swift; path = Dynamic.swift; sourceTree = "<group>"; };
		8CCED3B22A3C65BC007BD0E1 /* ViewModule.swift */ = {isa = PBXFileReference; lastKnownFileType = sourcecode.swift; path = ViewModule.swift; sourceTree = "<group>"; };
		8CCED3B52A3C667B007BD0E1 /* AuthViewController.swift */ = {isa = PBXFileReference; lastKnownFileType = sourcecode.swift; path = AuthViewController.swift; sourceTree = "<group>"; };
/* End PBXFileReference section */

/* Begin PBXFrameworksBuildPhase section */
		8C077E842A346B6000731E28 /* Frameworks */ = {
			isa = PBXFrameworksBuildPhase;
			buildActionMask = 2147483647;
			files = (
			);
			runOnlyForDeploymentPostprocessing = 0;
		};
		8C077E9A2A346B6600731E28 /* Frameworks */ = {
			isa = PBXFrameworksBuildPhase;
			buildActionMask = 2147483647;
			files = (
			);
			runOnlyForDeploymentPostprocessing = 0;
		};
		8C077EA42A346B6600731E28 /* Frameworks */ = {
			isa = PBXFrameworksBuildPhase;
			buildActionMask = 2147483647;
			files = (
			);
			runOnlyForDeploymentPostprocessing = 0;
		};
/* End PBXFrameworksBuildPhase section */

/* Begin PBXGroup section */
		8C077E7E2A346B6000731E28 = {
			isa = PBXGroup;
			children = (
				8C077E892A346B6000731E28 /* NewsMagazine */,
				8C077EA02A346B6600731E28 /* NewsMagazineTests */,
				8C077EAA2A346B6600731E28 /* NewsMagazineUITests */,
				8C077E882A346B6000731E28 /* Products */,
			);
			sourceTree = "<group>";
		};
		8C077E882A346B6000731E28 /* Products */ = {
			isa = PBXGroup;
			children = (
				8C077E872A346B6000731E28 /* NewsMagazine.app */,
				8C077E9D2A346B6600731E28 /* NewsMagazineTests.xctest */,
				8C077EA72A346B6600731E28 /* NewsMagazineUITests.xctest */,
			);
			name = Products;
			sourceTree = "<group>";
		};
		8C077E892A346B6000731E28 /* NewsMagazine */ = {
			isa = PBXGroup;
			children = (
				8C077EC02A346DB500731E28 /* ModuleBuilder.swift */,
				8C077EC22A346E5C00731E28 /* ServiceLayer */,
				8CCED3AB2A3C5F89007BD0E1 /* AuthModule */,
				8C077EBA2A346BBA00731E28 /* MainModule */,
				8C89D8D82A36E0DA008CB425 /* DetailModule */,
				8C077E8C2A346B6000731E28 /* SceneDelegate.swift */,
				8C077E8A2A346B6000731E28 /* AppDelegate.swift */,
				8C077E902A346B6000731E28 /* Main.storyboard */,
				8C077E932A346B6500731E28 /* Assets.xcassets */,
				8C077E952A346B6500731E28 /* LaunchScreen.storyboard */,
				8C077E982A346B6500731E28 /* Info.plist */,
			);
			path = NewsMagazine;
			sourceTree = "<group>";
		};
		8C077EA02A346B6600731E28 /* NewsMagazineTests */ = {
			isa = PBXGroup;
			children = (
				8C077EA12A346B6600731E28 /* NewsMagazineTests.swift */,
			);
			path = NewsMagazineTests;
			sourceTree = "<group>";
		};
		8C077EAA2A346B6600731E28 /* NewsMagazineUITests */ = {
			isa = PBXGroup;
			children = (
				8C077EAB2A346B6600731E28 /* NewsMagazineUITests.swift */,
				8C077EAD2A346B6600731E28 /* NewsMagazineUITestsLaunchTests.swift */,
			);
			path = NewsMagazineUITests;
			sourceTree = "<group>";
		};
		8C077EBA2A346BBA00731E28 /* MainModule */ = {
			isa = PBXGroup;
			children = (
				8C077EBD2A346BF000731E28 /* Module */,
				8C077EBC2A346BE100731E28 /* View */,
				8C077EBB2A346BD600731E28 /* Presenter */,
			);
			path = MainModule;
			sourceTree = "<group>";
		};
		8C077EBB2A346BD600731E28 /* Presenter */ = {
			isa = PBXGroup;
			children = (
				8C077EC52A3470E500731E28 /* MainPresenter.swift */,
			);
			path = Presenter;
			sourceTree = "<group>";
		};
		8C077EBC2A346BE100731E28 /* View */ = {
			isa = PBXGroup;
			children = (
				8C077EC72A34743500731E28 /* MainViewController.swift */,
				8C616F7A2A35954C00DA3266 /* CustomTableViewCell.swift */,
			);
			path = View;
			sourceTree = "<group>";
		};
		8C077EBD2A346BF000731E28 /* Module */ = {
			isa = PBXGroup;
			children = (
				8C077EBE2A346C1100731E28 /* News.swift */,
			);
			path = Module;
			sourceTree = "<group>";
		};
		8C077EC22A346E5C00731E28 /* ServiceLayer */ = {
			isa = PBXGroup;
			children = (
				8C077EC32A346E7A00731E28 /* NetworkService.swift */,
			);
			path = ServiceLayer;
			sourceTree = "<group>";
		};
		8C89D8D82A36E0DA008CB425 /* DetailModule */ = {
			isa = PBXGroup;
			children = (
				8C89D8DE2A36E189008CB425 /* DetailView */,
				8C89D8DD2A36E178008CB425 /* DetailPresenter */,
			);
			path = DetailModule;
			sourceTree = "<group>";
		};
		8C89D8DD2A36E178008CB425 /* DetailPresenter */ = {
			isa = PBXGroup;
			children = (
				8C89D8DB2A36E173008CB425 /* DetailPresenter.swift */,
			);
			path = DetailPresenter;
			sourceTree = "<group>";
		};
		8C89D8DE2A36E189008CB425 /* DetailView */ = {
			isa = PBXGroup;
			children = (
				8C89D8D92A36E155008CB425 /* DetailViewController.swift */,
			);
			path = DetailView;
			sourceTree = "<group>";
		};
		8CCED3AB2A3C5F89007BD0E1 /* AuthModule */ = {
			isa = PBXGroup;
			children = (
				8CCED3B42A3C6661007BD0E1 /* View */,
				8CCED3AF2A3C637E007BD0E1 /* Bindings */,
				8CCED3AC2A3C5FCF007BD0E1 /* UserModule */,
			);
			path = AuthModule;
			sourceTree = "<group>";
		};
		8CCED3AC2A3C5FCF007BD0E1 /* UserModule */ = {
			isa = PBXGroup;
			children = (
				8CCED3AD2A3C5FFA007BD0E1 /* User.swift */,
			);
			path = UserModule;
			sourceTree = "<group>";
		};
		8CCED3AF2A3C637E007BD0E1 /* Bindings */ = {
			isa = PBXGroup;
			children = (
				8CCED3B02A3C639A007BD0E1 /* Dynamic.swift */,
				8CCED3B22A3C65BC007BD0E1 /* ViewModule.swift */,
			);
			path = Bindings;
			sourceTree = "<group>";
		};
		8CCED3B42A3C6661007BD0E1 /* View */ = {
			isa = PBXGroup;
			children = (
				8CCED3B52A3C667B007BD0E1 /* AuthViewController.swift */,
			);
			path = View;
			sourceTree = "<group>";
		};
/* End PBXGroup section */

/* Begin PBXNativeTarget section */
		8C077E862A346B6000731E28 /* NewsMagazine */ = {
			isa = PBXNativeTarget;
			buildConfigurationList = 8C077EB12A346B6600731E28 /* Build configuration list for PBXNativeTarget "NewsMagazine" */;
			buildPhases = (
				8C077E832A346B6000731E28 /* Sources */,
				8C077E842A346B6000731E28 /* Frameworks */,
				8C077E852A346B6000731E28 /* Resources */,
			);
			buildRules = (
			);
			dependencies = (
			);
			name = NewsMagazine;
			productName = NewsMagazine;
			productReference = 8C077E872A346B6000731E28 /* NewsMagazine.app */;
			productType = "com.apple.product-type.application";
		};
		8C077E9C2A346B6600731E28 /* NewsMagazineTests */ = {
			isa = PBXNativeTarget;
			buildConfigurationList = 8C077EB42A346B6600731E28 /* Build configuration list for PBXNativeTarget "NewsMagazineTests" */;
			buildPhases = (
				8C077E992A346B6600731E28 /* Sources */,
				8C077E9A2A346B6600731E28 /* Frameworks */,
				8C077E9B2A346B6600731E28 /* Resources */,
			);
			buildRules = (
			);
			dependencies = (
				8C077E9F2A346B6600731E28 /* PBXTargetDependency */,
			);
			name = NewsMagazineTests;
			productName = NewsMagazineTests;
			productReference = 8C077E9D2A346B6600731E28 /* NewsMagazineTests.xctest */;
			productType = "com.apple.product-type.bundle.unit-test";
		};
		8C077EA62A346B6600731E28 /* NewsMagazineUITests */ = {
			isa = PBXNativeTarget;
			buildConfigurationList = 8C077EB72A346B6600731E28 /* Build configuration list for PBXNativeTarget "NewsMagazineUITests" */;
			buildPhases = (
				8C077EA32A346B6600731E28 /* Sources */,
				8C077EA42A346B6600731E28 /* Frameworks */,
				8C077EA52A346B6600731E28 /* Resources */,
			);
			buildRules = (
			);
			dependencies = (
				8C077EA92A346B6600731E28 /* PBXTargetDependency */,
			);
			name = NewsMagazineUITests;
			productName = NewsMagazineUITests;
			productReference = 8C077EA72A346B6600731E28 /* NewsMagazineUITests.xctest */;
			productType = "com.apple.product-type.bundle.ui-testing";
		};
/* End PBXNativeTarget section */

/* Begin PBXProject section */
		8C077E7F2A346B6000731E28 /* Project object */ = {
			isa = PBXProject;
			attributes = {
				BuildIndependentTargetsInParallel = 1;
				LastSwiftUpdateCheck = 1340;
				LastUpgradeCheck = 1340;
				TargetAttributes = {
					8C077E862A346B6000731E28 = {
						CreatedOnToolsVersion = 13.4.1;
					};
					8C077E9C2A346B6600731E28 = {
						CreatedOnToolsVersion = 13.4.1;
						TestTargetID = 8C077E862A346B6000731E28;
					};
					8C077EA62A346B6600731E28 = {
						CreatedOnToolsVersion = 13.4.1;
						TestTargetID = 8C077E862A346B6000731E28;
					};
				};
			};
			buildConfigurationList = 8C077E822A346B6000731E28 /* Build configuration list for PBXProject "NewsMagazine" */;
			compatibilityVersion = "Xcode 13.0";
			developmentRegion = en;
			hasScannedForEncodings = 0;
			knownRegions = (
				en,
				Base,
			);
			mainGroup = 8C077E7E2A346B6000731E28;
			productRefGroup = 8C077E882A346B6000731E28 /* Products */;
			projectDirPath = "";
			projectRoot = "";
			targets = (
				8C077E862A346B6000731E28 /* NewsMagazine */,
				8C077E9C2A346B6600731E28 /* NewsMagazineTests */,
				8C077EA62A346B6600731E28 /* NewsMagazineUITests */,
			);
		};
/* End PBXProject section */

/* Begin PBXResourcesBuildPhase section */
		8C077E852A346B6000731E28 /* Resources */ = {
			isa = PBXResourcesBuildPhase;
			buildActionMask = 2147483647;
			files = (
				8C077E972A346B6500731E28 /* LaunchScreen.storyboard in Resources */,
				8C077E942A346B6500731E28 /* Assets.xcassets in Resources */,
				8C077E922A346B6000731E28 /* Main.storyboard in Resources */,
			);
			runOnlyForDeploymentPostprocessing = 0;
		};
		8C077E9B2A346B6600731E28 /* Resources */ = {
			isa = PBXResourcesBuildPhase;
			buildActionMask = 2147483647;
			files = (
			);
			runOnlyForDeploymentPostprocessing = 0;
		};
		8C077EA52A346B6600731E28 /* Resources */ = {
			isa = PBXResourcesBuildPhase;
			buildActionMask = 2147483647;
			files = (
			);
			runOnlyForDeploymentPostprocessing = 0;
		};
/* End PBXResourcesBuildPhase section */

/* Begin PBXSourcesBuildPhase section */
		8C077E832A346B6000731E28 /* Sources */ = {
			isa = PBXSourcesBuildPhase;
			buildActionMask = 2147483647;
			files = (
				8CCED3B32A3C65BC007BD0E1 /* ViewModule.swift in Sources */,
				8C89D8DA2A36E155008CB425 /* DetailViewController.swift in Sources */,
				8C077EC92A34743500731E28 /* MainViewController.swift in Sources */,
				8C077E8B2A346B6000731E28 /* AppDelegate.swift in Sources */,
				8C89D8DC2A36E173008CB425 /* DetailPresenter.swift in Sources */,
				8C616F7B2A35954C00DA3266 /* CustomTableViewCell.swift in Sources */,
				8C077EBF2A346C1100731E28 /* News.swift in Sources */,
				8CCED3AE2A3C5FFA007BD0E1 /* User.swift in Sources */,
				8C077EC12A346DB500731E28 /* ModuleBuilder.swift in Sources */,
				8C077EC42A346E7A00731E28 /* NetworkService.swift in Sources */,
				8CCED3B62A3C667C007BD0E1 /* AuthViewController.swift in Sources */,
				8CCED3B12A3C639A007BD0E1 /* Dynamic.swift in Sources */,
				8C077EC62A3470E500731E28 /* MainPresenter.swift in Sources */,
				8C077E8D2A346B6000731E28 /* SceneDelegate.swift in Sources */,
			);
			runOnlyForDeploymentPostprocessing = 0;
		};
		8C077E992A346B6600731E28 /* Sources */ = {
			isa = PBXSourcesBuildPhase;
			buildActionMask = 2147483647;
			files = (
				8C077EA22A346B6600731E28 /* NewsMagazineTests.swift in Sources */,
			);
			runOnlyForDeploymentPostprocessing = 0;
		};
		8C077EA32A346B6600731E28 /* Sources */ = {
			isa = PBXSourcesBuildPhase;
			buildActionMask = 2147483647;
			files = (
				8C077EAC2A346B6600731E28 /* NewsMagazineUITests.swift in Sources */,
				8C077EAE2A346B6600731E28 /* NewsMagazineUITestsLaunchTests.swift in Sources */,
			);
			runOnlyForDeploymentPostprocessing = 0;
		};
/* End PBXSourcesBuildPhase section */

/* Begin PBXTargetDependency section */
		8C077E9F2A346B6600731E28 /* PBXTargetDependency */ = {
			isa = PBXTargetDependency;
			target = 8C077E862A346B6000731E28 /* NewsMagazine */;
			targetProxy = 8C077E9E2A346B6600731E28 /* PBXContainerItemProxy */;
		};
		8C077EA92A346B6600731E28 /* PBXTargetDependency */ = {
			isa = PBXTargetDependency;
			target = 8C077E862A346B6000731E28 /* NewsMagazine */;
			targetProxy = 8C077EA82A346B6600731E28 /* PBXContainerItemProxy */;
		};
/* End PBXTargetDependency section */

/* Begin PBXVariantGroup section */
		8C077E902A346B6000731E28 /* Main.storyboard */ = {
			isa = PBXVariantGroup;
			children = (
				8C077E912A346B6000731E28 /* Base */,
			);
			name = Main.storyboard;
			sourceTree = "<group>";
		};
		8C077E952A346B6500731E28 /* LaunchScreen.storyboard */ = {
			isa = PBXVariantGroup;
			children = (
				8C077E962A346B6500731E28 /* Base */,
			);
			name = LaunchScreen.storyboard;
			sourceTree = "<group>";
		};
/* End PBXVariantGroup section */

/* Begin XCBuildConfiguration section */
		8C077EAF2A346B6600731E28 /* Debug */ = {
			isa = XCBuildConfiguration;
			buildSettings = {
				ALWAYS_SEARCH_USER_PATHS = NO;
				CLANG_ANALYZER_NONNULL = YES;
				CLANG_ANALYZER_NUMBER_OBJECT_CONVERSION = YES_AGGRESSIVE;
				CLANG_CXX_LANGUAGE_STANDARD = "gnu++17";
				CLANG_ENABLE_MODULES = YES;
				CLANG_ENABLE_OBJC_ARC = YES;
				CLANG_ENABLE_OBJC_WEAK = YES;
				CLANG_WARN_BLOCK_CAPTURE_AUTORELEASING = YES;
				CLANG_WARN_BOOL_CONVERSION = YES;
				CLANG_WARN_COMMA = YES;
				CLANG_WARN_CONSTANT_CONVERSION = YES;
				CLANG_WARN_DEPRECATED_OBJC_IMPLEMENTATIONS = YES;
				CLANG_WARN_DIRECT_OBJC_ISA_USAGE = YES_ERROR;
				CLANG_WARN_DOCUMENTATION_COMMENTS = YES;
				CLANG_WARN_EMPTY_BODY = YES;
				CLANG_WARN_ENUM_CONVERSION = YES;
				CLANG_WARN_INFINITE_RECURSION = YES;
				CLANG_WARN_INT_CONVERSION = YES;
				CLANG_WARN_NON_LITERAL_NULL_CONVERSION = YES;
				CLANG_WARN_OBJC_IMPLICIT_RETAIN_SELF = YES;
				CLANG_WARN_OBJC_LITERAL_CONVERSION = YES;
				CLANG_WARN_OBJC_ROOT_CLASS = YES_ERROR;
				CLANG_WARN_QUOTED_INCLUDE_IN_FRAMEWORK_HEADER = YES;
				CLANG_WARN_RANGE_LOOP_ANALYSIS = YES;
				CLANG_WARN_STRICT_PROTOTYPES = YES;
				CLANG_WARN_SUSPICIOUS_MOVE = YES;
				CLANG_WARN_UNGUARDED_AVAILABILITY = YES_AGGRESSIVE;
				CLANG_WARN_UNREACHABLE_CODE = YES;
				CLANG_WARN__DUPLICATE_METHOD_MATCH = YES;
				COPY_PHASE_STRIP = NO;
				DEBUG_INFORMATION_FORMAT = dwarf;
				ENABLE_STRICT_OBJC_MSGSEND = YES;
				ENABLE_TESTABILITY = YES;
				GCC_C_LANGUAGE_STANDARD = gnu11;
				GCC_DYNAMIC_NO_PIC = NO;
				GCC_NO_COMMON_BLOCKS = YES;
				GCC_OPTIMIZATION_LEVEL = 0;
				GCC_PREPROCESSOR_DEFINITIONS = (
					"DEBUG=1",
					"$(inherited)",
				);
				GCC_WARN_64_TO_32_BIT_CONVERSION = YES;
				GCC_WARN_ABOUT_RETURN_TYPE = YES_ERROR;
				GCC_WARN_UNDECLARED_SELECTOR = YES;
				GCC_WARN_UNINITIALIZED_AUTOS = YES_AGGRESSIVE;
				GCC_WARN_UNUSED_FUNCTION = YES;
				GCC_WARN_UNUSED_VARIABLE = YES;
				IPHONEOS_DEPLOYMENT_TARGET = 15.5;
				MTL_ENABLE_DEBUG_INFO = INCLUDE_SOURCE;
				MTL_FAST_MATH = YES;
				ONLY_ACTIVE_ARCH = YES;
				SDKROOT = iphoneos;
				SWIFT_ACTIVE_COMPILATION_CONDITIONS = DEBUG;
				SWIFT_OPTIMIZATION_LEVEL = "-Onone";
			};
			name = Debug;
		};
		8C077EB02A346B6600731E28 /* Release */ = {
			isa = XCBuildConfiguration;
			buildSettings = {
				ALWAYS_SEARCH_USER_PATHS = NO;
				CLANG_ANALYZER_NONNULL = YES;
				CLANG_ANALYZER_NUMBER_OBJECT_CONVERSION = YES_AGGRESSIVE;
				CLANG_CXX_LANGUAGE_STANDARD = "gnu++17";
				CLANG_ENABLE_MODULES = YES;
				CLANG_ENABLE_OBJC_ARC = YES;
				CLANG_ENABLE_OBJC_WEAK = YES;
				CLANG_WARN_BLOCK_CAPTURE_AUTORELEASING = YES;
				CLANG_WARN_BOOL_CONVERSION = YES;
				CLANG_WARN_COMMA = YES;
				CLANG_WARN_CONSTANT_CONVERSION = YES;
				CLANG_WARN_DEPRECATED_OBJC_IMPLEMENTATIONS = YES;
				CLANG_WARN_DIRECT_OBJC_ISA_USAGE = YES_ERROR;
				CLANG_WARN_DOCUMENTATION_COMMENTS = YES;
				CLANG_WARN_EMPTY_BODY = YES;
				CLANG_WARN_ENUM_CONVERSION = YES;
				CLANG_WARN_INFINITE_RECURSION = YES;
				CLANG_WARN_INT_CONVERSION = YES;
				CLANG_WARN_NON_LITERAL_NULL_CONVERSION = YES;
				CLANG_WARN_OBJC_IMPLICIT_RETAIN_SELF = YES;
				CLANG_WARN_OBJC_LITERAL_CONVERSION = YES;
				CLANG_WARN_OBJC_ROOT_CLASS = YES_ERROR;
				CLANG_WARN_QUOTED_INCLUDE_IN_FRAMEWORK_HEADER = YES;
				CLANG_WARN_RANGE_LOOP_ANALYSIS = YES;
				CLANG_WARN_STRICT_PROTOTYPES = YES;
				CLANG_WARN_SUSPICIOUS_MOVE = YES;
				CLANG_WARN_UNGUARDED_AVAILABILITY = YES_AGGRESSIVE;
				CLANG_WARN_UNREACHABLE_CODE = YES;
				CLANG_WARN__DUPLICATE_METHOD_MATCH = YES;
				COPY_PHASE_STRIP = NO;
				DEBUG_INFORMATION_FORMAT = "dwarf-with-dsym";
				ENABLE_NS_ASSERTIONS = NO;
				ENABLE_STRICT_OBJC_MSGSEND = YES;
				GCC_C_LANGUAGE_STANDARD = gnu11;
				GCC_NO_COMMON_BLOCKS = YES;
				GCC_WARN_64_TO_32_BIT_CONVERSION = YES;
				GCC_WARN_ABOUT_RETURN_TYPE = YES_ERROR;
				GCC_WARN_UNDECLARED_SELECTOR = YES;
				GCC_WARN_UNINITIALIZED_AUTOS = YES_AGGRESSIVE;
				GCC_WARN_UNUSED_FUNCTION = YES;
				GCC_WARN_UNUSED_VARIABLE = YES;
				IPHONEOS_DEPLOYMENT_TARGET = 15.5;
				MTL_ENABLE_DEBUG_INFO = NO;
				MTL_FAST_MATH = YES;
				SDKROOT = iphoneos;
				SWIFT_COMPILATION_MODE = wholemodule;
				SWIFT_OPTIMIZATION_LEVEL = "-O";
				VALIDATE_PRODUCT = YES;
			};
			name = Release;
		};
		8C077EB22A346B6600731E28 /* Debug */ = {
			isa = XCBuildConfiguration;
			buildSettings = {
				ASSETCATALOG_COMPILER_APPICON_NAME = AppIcon;
				ASSETCATALOG_COMPILER_GLOBAL_ACCENT_COLOR_NAME = AccentColor;
				CODE_SIGN_STYLE = Automatic;
				CURRENT_PROJECT_VERSION = 1;
				DEVELOPMENT_TEAM = G4H25U5L86;
				GENERATE_INFOPLIST_FILE = YES;
				INFOPLIST_FILE = NewsMagazine/Info.plist;
				INFOPLIST_KEY_UIApplicationSupportsIndirectInputEvents = YES;
				INFOPLIST_KEY_UILaunchStoryboardName = LaunchScreen;
				INFOPLIST_KEY_UIMainStoryboardFile = Main;
				INFOPLIST_KEY_UISupportedInterfaceOrientations_iPad = "UIInterfaceOrientationPortrait UIInterfaceOrientationPortraitUpsideDown UIInterfaceOrientationLandscapeLeft UIInterfaceOrientationLandscapeRight";
				INFOPLIST_KEY_UISupportedInterfaceOrientations_iPhone = "UIInterfaceOrientationPortrait UIInterfaceOrientationLandscapeLeft UIInterfaceOrientationLandscapeRight";
				LD_RUNPATH_SEARCH_PATHS = (
					"$(inherited)",
					"@executable_path/Frameworks",
				);
				MARKETING_VERSION = 1.0;
				PRODUCT_BUNDLE_IDENTIFIER = skillbox.NewsMagazine;
				PRODUCT_NAME = "$(TARGET_NAME)";
				SWIFT_EMIT_LOC_STRINGS = YES;
				SWIFT_VERSION = 5.0;
				TARGETED_DEVICE_FAMILY = "1,2";
			};
			name = Debug;
		};
		8C077EB32A346B6600731E28 /* Release */ = {
			isa = XCBuildConfiguration;
			buildSettings = {
				ASSETCATALOG_COMPILER_APPICON_NAME = AppIcon;
				ASSETCATALOG_COMPILER_GLOBAL_ACCENT_COLOR_NAME = AccentColor;
				CODE_SIGN_STYLE = Automatic;
				CURRENT_PROJECT_VERSION = 1;
				DEVELOPMENT_TEAM = G4H25U5L86;
				GENERATE_INFOPLIST_FILE = YES;
				INFOPLIST_FILE = NewsMagazine/Info.plist;
				INFOPLIST_KEY_UIApplicationSupportsIndirectInputEvents = YES;
				INFOPLIST_KEY_UILaunchStoryboardName = LaunchScreen;
				INFOPLIST_KEY_UIMainStoryboardFile = Main;
				INFOPLIST_KEY_UISupportedInterfaceOrientations_iPad = "UIInterfaceOrientationPortrait UIInterfaceOrientationPortraitUpsideDown UIInterfaceOrientationLandscapeLeft UIInterfaceOrientationLandscapeRight";
				INFOPLIST_KEY_UISupportedInterfaceOrientations_iPhone = "UIInterfaceOrientationPortrait UIInterfaceOrientationLandscapeLeft UIInterfaceOrientationLandscapeRight";
				LD_RUNPATH_SEARCH_PATHS = (
					"$(inherited)",
					"@executable_path/Frameworks",
				);
				MARKETING_VERSION = 1.0;
				PRODUCT_BUNDLE_IDENTIFIER = skillbox.NewsMagazine;
				PRODUCT_NAME = "$(TARGET_NAME)";
				SWIFT_EMIT_LOC_STRINGS = YES;
				SWIFT_VERSION = 5.0;
				TARGETED_DEVICE_FAMILY = "1,2";
			};
			name = Release;
		};
		8C077EB52A346B6600731E28 /* Debug */ = {
			isa = XCBuildConfiguration;
			buildSettings = {
				ALWAYS_EMBED_SWIFT_STANDARD_LIBRARIES = YES;
				BUNDLE_LOADER = "$(TEST_HOST)";
				CODE_SIGN_STYLE = Automatic;
				CURRENT_PROJECT_VERSION = 1;
				DEVELOPMENT_TEAM = G4H25U5L86;
				GENERATE_INFOPLIST_FILE = YES;
				IPHONEOS_DEPLOYMENT_TARGET = 15.5;
				MARKETING_VERSION = 1.0;
				PRODUCT_BUNDLE_IDENTIFIER = skillbox.NewsMagazineTests;
				PRODUCT_NAME = "$(TARGET_NAME)";
				SWIFT_EMIT_LOC_STRINGS = NO;
				SWIFT_VERSION = 5.0;
				TARGETED_DEVICE_FAMILY = "1,2";
				TEST_HOST = "$(BUILT_PRODUCTS_DIR)/NewsMagazine.app/NewsMagazine";
			};
			name = Debug;
		};
		8C077EB62A346B6600731E28 /* Release */ = {
			isa = XCBuildConfiguration;
			buildSettings = {
				ALWAYS_EMBED_SWIFT_STANDARD_LIBRARIES = YES;
				BUNDLE_LOADER = "$(TEST_HOST)";
				CODE_SIGN_STYLE = Automatic;
				CURRENT_PROJECT_VERSION = 1;
				DEVELOPMENT_TEAM = G4H25U5L86;
				GENERATE_INFOPLIST_FILE = YES;
				IPHONEOS_DEPLOYMENT_TARGET = 15.5;
				MARKETING_VERSION = 1.0;
				PRODUCT_BUNDLE_IDENTIFIER = skillbox.NewsMagazineTests;
				PRODUCT_NAME = "$(TARGET_NAME)";
				SWIFT_EMIT_LOC_STRINGS = NO;
				SWIFT_VERSION = 5.0;
				TARGETED_DEVICE_FAMILY = "1,2";
				TEST_HOST = "$(BUILT_PRODUCTS_DIR)/NewsMagazine.app/NewsMagazine";
			};
			name = Release;
		};
		8C077EB82A346B6600731E28 /* Debug */ = {
			isa = XCBuildConfiguration;
			buildSettings = {
				ALWAYS_EMBED_SWIFT_STANDARD_LIBRARIES = YES;
				CODE_SIGN_STYLE = Automatic;
				CURRENT_PROJECT_VERSION = 1;
				DEVELOPMENT_TEAM = G4H25U5L86;
				GENERATE_INFOPLIST_FILE = YES;
				MARKETING_VERSION = 1.0;
				PRODUCT_BUNDLE_IDENTIFIER = skillbox.NewsMagazineUITests;
				PRODUCT_NAME = "$(TARGET_NAME)";
				SWIFT_EMIT_LOC_STRINGS = NO;
				SWIFT_VERSION = 5.0;
				TARGETED_DEVICE_FAMILY = "1,2";
				TEST_TARGET_NAME = NewsMagazine;
			};
			name = Debug;
		};
		8C077EB92A346B6600731E28 /* Release */ = {
			isa = XCBuildConfiguration;
			buildSettings = {
				ALWAYS_EMBED_SWIFT_STANDARD_LIBRARIES = YES;
				CODE_SIGN_STYLE = Automatic;
				CURRENT_PROJECT_VERSION = 1;
				DEVELOPMENT_TEAM = G4H25U5L86;
				GENERATE_INFOPLIST_FILE = YES;
				MARKETING_VERSION = 1.0;
				PRODUCT_BUNDLE_IDENTIFIER = skillbox.NewsMagazineUITests;
				PRODUCT_NAME = "$(TARGET_NAME)";
				SWIFT_EMIT_LOC_STRINGS = NO;
				SWIFT_VERSION = 5.0;
				TARGETED_DEVICE_FAMILY = "1,2";
				TEST_TARGET_NAME = NewsMagazine;
			};
			name = Release;
		};
/* End XCBuildConfiguration section */

/* Begin XCConfigurationList section */
		8C077E822A346B6000731E28 /* Build configuration list for PBXProject "NewsMagazine" */ = {
			isa = XCConfigurationList;
			buildConfigurations = (
				8C077EAF2A346B6600731E28 /* Debug */,
				8C077EB02A346B6600731E28 /* Release */,
			);
			defaultConfigurationIsVisible = 0;
			defaultConfigurationName = Release;
		};
		8C077EB12A346B6600731E28 /* Build configuration list for PBXNativeTarget "NewsMagazine" */ = {
			isa = XCConfigurationList;
			buildConfigurations = (
				8C077EB22A346B6600731E28 /* Debug */,
				8C077EB32A346B6600731E28 /* Release */,
			);
			defaultConfigurationIsVisible = 0;
			defaultConfigurationName = Release;
		};
		8C077EB42A346B6600731E28 /* Build configuration list for PBXNativeTarget "NewsMagazineTests" */ = {
			isa = XCConfigurationList;
			buildConfigurations = (
				8C077EB52A346B6600731E28 /* Debug */,
				8C077EB62A346B6600731E28 /* Release */,
			);
			defaultConfigurationIsVisible = 0;
			defaultConfigurationName = Release;
		};
		8C077EB72A346B6600731E28 /* Build configuration list for PBXNativeTarget "NewsMagazineUITests" */ = {
			isa = XCConfigurationList;
			buildConfigurations = (
				8C077EB82A346B6600731E28 /* Debug */,
				8C077EB92A346B6600731E28 /* Release */,
			);
			defaultConfigurationIsVisible = 0;
			defaultConfigurationName = Release;
		};
/* End XCConfigurationList section */
	};
	rootObject = 8C077E7F2A346B6000731E28 /* Project object */;
}
